
Microsoft Visual Studio Solution File, Format Version 12.00
# Visual Studio Version 17
VisualStudioVersion = 17.13.35818.85 d17.13
MinimumVisualStudioVersion = 10.0.40219.1
Project("{FAE04EC0-301F-11D3-BF4B-00C04F79EFBC}") = "Schdeuler", "Schdeuler\Schdeuler.csproj", "{17442A38-EFAD-401D-9BC4-35E8B226A5DC}"
EndProject
Global
	GlobalSection(SolutionConfigurationPlatforms) = preSolution
		Debug|Any CPU = Debug|Any CPU
		Release|Any CPU = Release|Any CPU
	EndGlobalSection
	GlobalSection(ProjectConfigurationPlatforms) = postSolution
		{17442A38-EFAD-401D-9BC4-35E8B226A5DC}.Debug|Any CPU.ActiveCfg = Debug|Any CPU
		{17442A38-EFAD-401D-9BC4-35E8B226A5DC}.Debug|Any CPU.Build.0 = Debug|Any CPU
		{17442A38-EFAD-401D-9BC4-35E8B226A5DC}.Release|Any CPU.ActiveCfg = Release|Any CPU
		{17442A38-EFAD-401D-9BC4-35E8B226A5DC}.Release|Any CPU.Build.0 = Release|Any CPU
	EndGlobalSection
	GlobalSection(SolutionProperties) = preSolution
		HideSolutionNode = FALSE
	EndGlobalSection
	GlobalSection(ExtensibilityGlobals) = postSolution
		SolutionGuid = {E4A63103-D915-4D4E-B551-FBD65B7C7688}
	EndGlobalSection
EndGlobal
